{
    "behat/gherkin": {
        "version": "v4.6.2"
    },
    "brianium/habitat": {
        "version": "v1.0.0"
    },
    "brianium/paratest": {
        "version": "3.1.2"
    },
    "codeception/codeception": {
        "version": "2.3",
        "recipe": {
            "repo": "github.com/symfony/recipes-contrib",
            "branch": "master",
            "version": "2.3",
            "ref": "5d3fec49d4a7ecb411c417fc51cf48b06a86946d"
        },
        "files": [
            "codeception.yml",
            "tests/_data/.gitignore",
            "tests/_output/.gitignore",
            "tests/_support/AcceptanceTester.php",
            "tests/_support/FunctionalTester.php",
            "tests/_support/Helper/Acceptance.php",
            "tests/_support/Helper/Functional.php",
            "tests/_support/Helper/Unit.php",
            "tests/_support/UnitTester.php",
            "tests/_support/_generated/.gitignore",
            "tests/acceptance/.gitignore",
            "tests/functional/.gitignore",
            "tests/unit/.gitignore",
            "tests/acceptance.suite.yml",
            "tests/functional.suite.yml",
            "tests/unit.suite.yml"
        ]
    },
    "codeception/lib-asserts": {
        "version": "1.12.0"
    },
    "codeception/module-rest": {
        "version": "1.2.1"
    },
    "codeception/phpunit-wrapper": {
        "version": "7.8.0"
    },
    "codeception/stub": {
        "version": "3.0.0"
    },
    "composer/semver": {
        "version": "1.5.1"
    },
    "composer/xdebug-handler": {
        "version": "1.4.2"
    },
    "doctrine/instantiator": {
        "version": "1.3.1"
    },
    "flow/jsonpath": {
        "version": "0.5.0"
    },
    "guzzlehttp/psr7": {
        "version": "1.6.1"
    },
    "infection/abstract-testframework-adapter": {
        "version": "0.3.0"
    },
    "infection/extension-installer": {
        "version": "0.1.1"
    },
    "infection/include-interceptor": {
        "version": "0.2.4"
    },
    "infection/infection": {
        "version": "0.16.4"
    },
    "justinrainbow/json-schema": {
        "version": "5.2.10"
    },
    "myclabs/deep-copy": {
        "version": "1.10.1"
    },
    "nelmio/cors-bundle": {
        "version": "1.5",
        "recipe": {
            "repo": "github.com/symfony/recipes",
            "branch": "master",
            "version": "1.5",
            "ref": "6388de23860284db9acce0a7a5d9d13153bcb571"
        },
        "files": [
            "config/packages/nelmio_cors.yaml"
        ]
    },
    "nikic/php-parser": {
        "version": "v4.7.0"
    },
    "ondram/ci-detector": {
        "version": "3.4.0"
    },
    "phar-io/manifest": {
        "version": "2.0.1"
    },
    "phar-io/version": {
        "version": "3.0.2"
    },
    "php": {
        "version": "7.4"
    },
    "phpdocumentor/reflection-common": {
        "version": "2.2.0"
    },
    "phpdocumentor/reflection-docblock": {
        "version": "5.2.0"
    },
    "phpdocumentor/type-resolver": {
        "version": "1.3.0"
    },
    "phpspec/prophecy": {
        "version": "1.11.1"
    },
    "phpstan/phpstan": {
        "version": "0.12.36"
    },
    "phpunit/php-code-coverage": {
        "version": "9.0.0"
    },
    "phpunit/php-file-iterator": {
        "version": "3.0.4"
    },
    "phpunit/php-invoker": {
        "version": "3.1.0"
    },
    "phpunit/php-text-template": {
        "version": "2.0.2"
    },
    "phpunit/php-timer": {
        "version": "5.0.1"
    },
    "phpunit/php-token-stream": {
        "version": "3.1.1"
    },
    "phpunit/phpunit": {
        "version": "4.7",
        "recipe": {
            "repo": "github.com/symfony/recipes",
            "branch": "master",
            "version": "4.7",
            "ref": "00fdb38c318774cd39f475a753028a5e8d25d47c"
        },
        "files": [
            ".env.test",
            "phpunit.xml.dist",
            "tests/bootstrap.php"
        ]
    },
    "psr/http-message": {
        "version": "1.0.1"
    },
    "ralouphie/getallheaders": {
        "version": "3.0.3"
    },
    "sanmai/pipeline": {
        "version": "v3.1.2"
    },
    "sebastian/code-unit-reverse-lookup": {
        "version": "2.0.2"
    },
    "sebastian/comparator": {
        "version": "4.0.3"
    },
    "sebastian/diff": {
        "version": "4.0.2"
    },
    "sebastian/environment": {
        "version": "5.1.2"
    },
    "sebastian/exporter": {
        "version": "4.0.2"
    },
    "sebastian/global-state": {
        "version": "5.0.0"
    },
    "sebastian/object-enumerator": {
        "version": "4.0.2"
    },
    "sebastian/object-reflector": {
        "version": "2.0.2"
    },
    "sebastian/recursion-context": {
        "version": "4.0.2"
    },
    "sebastian/resource-operations": {
        "version": "3.0.2"
    },
    "sebastian/type": {
        "version": "1.1.3"
    },
    "sebastian/version": {
        "version": "3.0.1"
    },
    "seld/jsonlint": {
        "version": "1.8.0"
    },
    "squizlabs/php_codesniffer": {
        "version": "3.0",
        "recipe": {
            "repo": "github.com/symfony/recipes-contrib",
            "branch": "master",
            "version": "3.0",
            "ref": "0dc9cceda799fd3a08b96987e176a261028a3709"
        },
        "files": [
            "phpcs.xml.dist"
        ]
    },
    "symfony/amqp-messenger": {
        "version": "v5.1.3"
    },
    "symfony/apache-pack": {
        "version": "1.0",
        "recipe": {
            "repo": "github.com/symfony/recipes-contrib",
            "branch": "master",
            "version": "1.0",
            "ref": "71599f5b0fdeeeec0fb90e9b17c85e6f5e1350c1"
        },
        "files": [
            "public/.htaccess"
        ]
    },
    "symfony/browser-kit": {
        "version": "v5.1.3"
    },
    "symfony/css-selector": {
        "version": "v5.1.3"
    },
    "symfony/debug-bundle": {
        "version": "4.1",
        "recipe": {
            "repo": "github.com/symfony/recipes",
            "branch": "master",
            "version": "4.1",
            "ref": "f8863cbad2f2e58c4b65fa1eac892ab189971bea"
        },
        "files": [
            "./config/packages/dev/debug.yaml"
        ]
    },
    "symfony/doctrine-messenger": {
        "version": "v5.1.3"
    },
    "symfony/dom-crawler": {
        "version": "v5.1.3"
    },
    "symfony/messenger": {
        "version": "4.3",
        "recipe": {
            "repo": "github.com/symfony/recipes",
            "branch": "master",
            "version": "4.3",
            "ref": "8a2675c061737658bed85102e9241c752620e575"
        },
        "files": [
            "config/packages/messenger.yaml"
        ]
    },
    "symfony/phpunit-bridge": {
        "version": "4.3",
        "recipe": {
            "repo": "github.com/symfony/recipes",
            "branch": "master",
            "version": "4.3",
            "ref": "6d0e35f749d5f4bfe1f011762875275cd3f9874f"
        },
        "files": [
            ".env.test",
            "bin/phpunit",
            "phpunit.xml.dist",
            "tests/bootstrap.php"
        ]
    },
    "symfony/redis-messenger": {
        "version": "v5.1.3"
    },
    "symfony/twig-bridge": {
        "version": "v5.1.3"
    },
    "symfony/twig-bundle": {
        "version": "5.0",
        "recipe": {
            "repo": "github.com/symfony/recipes",
            "branch": "master",
            "version": "5.0",
            "ref": "fab9149bbaa4d5eca054ed93f9e1b66cc500895d"
        },
        "files": [
            "config/packages/test/twig.yaml",
            "config/packages/twig.yaml",
            "templates/base.html.twig"
        ]
    },
    "symfony/web-profiler-bundle": {
        "version": "3.3",
        "recipe": {
            "repo": "github.com/symfony/recipes",
            "branch": "master",
            "version": "3.3",
            "ref": "6bdfa1a95f6b2e677ab985cd1af2eae35d62e0f6"
        },
        "files": [
            "./config/packages/dev/web_profiler.yaml",
            "./config/packages/test/web_profiler.yaml",
            "./config/routes/dev/web_profiler.yaml"
        ]
    },
    "thecodingmachine/safe": {
        "version": "v1.1.3"
    },
    "theseer/tokenizer": {
        "version": "1.2.0"
    },
    "twig/twig": {
        "version": "v3.0.4"
    },
    "webmozart/assert": {
        "version": "1.9.1"
    },
    "webmozart/path-util": {
        "version": "2.3.0"
    }
}
